
Microsoft Visual Studio Solution File, Format Version 12.00
# Visual Studio Version 17
VisualStudioVersion = 17.0.31903.59
MinimumVisualStudioVersion = 10.0.40219.1
Project("{FAE04EC0-301F-11D3-BF4B-00C04F79EFBC}") = "NCTR.M.A02.Ex01", "NCTR.M.A02.Ex01\NCTR.M.A02.Ex01.csproj", "{9B34EB20-4891-4BBF-A0C7-688F9D6A877D}"
EndProject
Project("{FAE04EC0-301F-11D3-BF4B-00C04F79EFBC}") = "NCTR.M.A02.Ex02", "NCTR.M.A02.Ex02\NCTR.M.A02.Ex02.csproj", "{91F4CDDB-BA00-49BF-80A0-2BBA85797B54}"
EndProject
Global
	GlobalSection(SolutionConfigurationPlatforms) = preSolution
		Debug|Any CPU = Debug|Any CPU
		Release|Any CPU = Release|Any CPU
	EndGlobalSection
	GlobalSection(SolutionProperties) = preSolution
		HideSolutionNode = FALSE
	EndGlobalSection
	GlobalSection(ProjectConfigurationPlatforms) = postSolution
		{9B34EB20-4891-4BBF-A0C7-688F9D6A877D}.Debug|Any CPU.ActiveCfg = Debug|Any CPU
		{9B34EB20-4891-4BBF-A0C7-688F9D6A877D}.Debug|Any CPU.Build.0 = Debug|Any CPU
		{9B34EB20-4891-4BBF-A0C7-688F9D6A877D}.Release|Any CPU.ActiveCfg = Release|Any CPU
		{9B34EB20-4891-4BBF-A0C7-688F9D6A877D}.Release|Any CPU.Build.0 = Release|Any CPU
		{91F4CDDB-BA00-49BF-80A0-2BBA85797B54}.Debug|Any CPU.ActiveCfg = Debug|Any CPU
		{91F4CDDB-BA00-49BF-80A0-2BBA85797B54}.Debug|Any CPU.Build.0 = Debug|Any CPU
		{91F4CDDB-BA00-49BF-80A0-2BBA85797B54}.Release|Any CPU.ActiveCfg = Release|Any CPU
		{91F4CDDB-BA00-49BF-80A0-2BBA85797B54}.Release|Any CPU.Build.0 = Release|Any CPU
	EndGlobalSection
EndGlobal
